
Microsoft Visual Studio Solution File, Format Version 12.00
# Visual Studio Version 16
VisualStudioVersion = 16.0.29911.84
MinimumVisualStudioVersion = 10.0.40219.1
Project("{FAE04EC0-301F-11D3-BF4B-00C04F79EFBC}") = "Pino Entrega2", "Pino Entrega2\Pino Entrega2.csproj", "{A44887F8-DBAC-40FA-AA08-2D1D3640E6F9}"
EndProject
Global
	GlobalSection(SolutionConfigurationPlatforms) = preSolution
		Debug|Any CPU = Debug|Any CPU
		Release|Any CPU = Release|Any CPU
	EndGlobalSection
	GlobalSection(ProjectConfigurationPlatforms) = postSolution
		{A44887F8-DBAC-40FA-AA08-2D1D3640E6F9}.Debug|Any CPU.ActiveCfg = Debug|Any CPU
		{A44887F8-DBAC-40FA-AA08-2D1D3640E6F9}.Debug|Any CPU.Build.0 = Debug|Any CPU
		{A44887F8-DBAC-40FA-AA08-2D1D3640E6F9}.Release|Any CPU.ActiveCfg = Release|Any CPU
		{A44887F8-DBAC-40FA-AA08-2D1D3640E6F9}.Release|Any CPU.Build.0 = Release|Any CPU
	EndGlobalSection
	GlobalSection(SolutionProperties) = preSolution
		HideSolutionNode = FALSE
	EndGlobalSection
	GlobalSection(ExtensibilityGlobals) = postSolution
		SolutionGuid = {1D690E1C-AA08-4584-89EA-F4F003010C0B}
	EndGlobalSection
EndGlobal
