
Microsoft Visual Studio Solution File, Format Version 12.00
# Visual Studio 15
Project("{FAE04EC0-301F-11D3-BF4B-00C04F79EFBC}") = "E2_JacoboG", "E2_JacoboG.csproj", "{76921E7D-5475-4BD7-9BF7-981BCC3DC3FE}"
EndProject
Global
	GlobalSection(SolutionConfigurationPlatforms) = preSolution
		Debug|anycpu = Debug|anycpu
		Release|anycpu = Release|anycpu
	EndGlobalSection
	GlobalSection(ProjectConfigurationPlatforms) = postSolution
		{76921E7D-5475-4BD7-9BF7-981BCC3DC3FE}.Debug|anycpu.ActiveCfg = Debug|anycpu
		{76921E7D-5475-4BD7-9BF7-981BCC3DC3FE}.Debug|anycpu.Build.0 = Debug|anycpu
		{76921E7D-5475-4BD7-9BF7-981BCC3DC3FE}.Release|anycpu.ActiveCfg = Release|anycpu
		{76921E7D-5475-4BD7-9BF7-981BCC3DC3FE}.Release|anycpu.Build.0 = Release|anycpu
	EndGlobalSection
EndGlobal
