
Microsoft Visual Studio Solution File, Format Version 12.00
# Visual Studio Version 16
VisualStudioVersion = 16.0.29911.84
MinimumVisualStudioVersion = 10.0.40219.1
Project("{FAE04EC0-301F-11D3-BF4B-00C04F79EFBC}") = "ProyectoEntrega2", "ProyectoEntrega2.csproj", "{DF114761-EC88-41B6-A958-3F3A7B95C372}"
EndProject
Global
	GlobalSection(SolutionConfigurationPlatforms) = preSolution
		Debug|Any CPU = Debug|Any CPU
		Release|Any CPU = Release|Any CPU
	EndGlobalSection
	GlobalSection(ProjectConfigurationPlatforms) = postSolution
		{DF114761-EC88-41B6-A958-3F3A7B95C372}.Debug|Any CPU.ActiveCfg = Debug|Any CPU
		{DF114761-EC88-41B6-A958-3F3A7B95C372}.Debug|Any CPU.Build.0 = Debug|Any CPU
		{DF114761-EC88-41B6-A958-3F3A7B95C372}.Release|Any CPU.ActiveCfg = Release|Any CPU
		{DF114761-EC88-41B6-A958-3F3A7B95C372}.Release|Any CPU.Build.0 = Release|Any CPU
	EndGlobalSection
	GlobalSection(SolutionProperties) = preSolution
		HideSolutionNode = FALSE
	EndGlobalSection
	GlobalSection(ExtensibilityGlobals) = postSolution
		SolutionGuid = {9FE903EB-01EE-459B-A366-5DB07BF6B330}
	EndGlobalSection
EndGlobal
