
Microsoft Visual Studio Solution File, Format Version 12.00
# Visual Studio 15
Project("{FAE04EC0-301F-11D3-BF4B-00C04F79EFBC}") = "FyBuzz_E2", "FyBuzz_E2.csproj", "{44700482-6FE6-4276-9935-275DCB4CF9E6}"
EndProject
Global
	GlobalSection(SolutionConfigurationPlatforms) = preSolution
		Debug|anycpu = Debug|anycpu
		Release|anycpu = Release|anycpu
	EndGlobalSection
	GlobalSection(ProjectConfigurationPlatforms) = postSolution
		{44700482-6FE6-4276-9935-275DCB4CF9E6}.Debug|anycpu.ActiveCfg = Debug|anycpu
		{44700482-6FE6-4276-9935-275DCB4CF9E6}.Debug|anycpu.Build.0 = Debug|anycpu
		{44700482-6FE6-4276-9935-275DCB4CF9E6}.Release|anycpu.ActiveCfg = Release|anycpu
		{44700482-6FE6-4276-9935-275DCB4CF9E6}.Release|anycpu.Build.0 = Release|anycpu
	EndGlobalSection
EndGlobal
